
Microsoft Visual Studio Solution File, Format Version 12.00
# Visual Studio Version 16
VisualStudioVersion = 16.0.30204.135
MinimumVisualStudioVersion = 10.0.40219.1
Project("{FAE04EC0-301F-11D3-BF4B-00C04F79EFBC}") = "PracticeShop", "PracticeShop\PracticeShop.csproj", "{75819A9A-08AC-4291-B867-55A53E89532F}"
EndProject
Global
	GlobalSection(SolutionConfigurationPlatforms) = preSolution
		Debug|Any CPU = Debug|Any CPU
		Release|Any CPU = Release|Any CPU
	EndGlobalSection
	GlobalSection(ProjectConfigurationPlatforms) = postSolution
		{75819A9A-08AC-4291-B867-55A53E89532F}.Debug|Any CPU.ActiveCfg = Debug|Any CPU
		{75819A9A-08AC-4291-B867-55A53E89532F}.Debug|Any CPU.Build.0 = Debug|Any CPU
		{75819A9A-08AC-4291-B867-55A53E89532F}.Release|Any CPU.ActiveCfg = Release|Any CPU
		{75819A9A-08AC-4291-B867-55A53E89532F}.Release|Any CPU.Build.0 = Release|Any CPU
	EndGlobalSection
	GlobalSection(SolutionProperties) = preSolution
		HideSolutionNode = FALSE
	EndGlobalSection
	GlobalSection(ExtensibilityGlobals) = postSolution
		SolutionGuid = {FFCFA3D3-B2D3-4EA2-8638-1C858FD74976}
	EndGlobalSection
EndGlobal
